
Microsoft Visual Studio Solution File, Format Version 12.00
# Visual Studio Version 16
VisualStudioVersion = 16.0.30114.105
MinimumVisualStudioVersion = 10.0.40219.1
Project("{FAE04EC0-301F-11D3-BF4B-00C04F79EFBC}") = "FormatTest", "FormatTest\FormatTest.csproj", "{C9258558-D0E9-4651-B689-FD05929EC377}"
EndProject
Project("{FAE04EC0-301F-11D3-BF4B-00C04F79EFBC}") = "FormatTest2", "FormatTest2\FormatTest2.csproj", "{95D8A7EF-C886-4F95-A279-E5469975E0A4}"
EndProject
Global
	GlobalSection(SolutionConfigurationPlatforms) = preSolution
		Debug|Any CPU = Debug|Any CPU
		Release|Any CPU = Release|Any CPU
	EndGlobalSection
	GlobalSection(SolutionProperties) = preSolution
		HideSolutionNode = FALSE
	EndGlobalSection
	GlobalSection(ProjectConfigurationPlatforms) = postSolution
		{C9258558-D0E9-4651-B689-FD05929EC377}.Debug|Any CPU.ActiveCfg = Debug|Any CPU
		{C9258558-D0E9-4651-B689-FD05929EC377}.Debug|Any CPU.Build.0 = Debug|Any CPU
		{C9258558-D0E9-4651-B689-FD05929EC377}.Release|Any CPU.ActiveCfg = Release|Any CPU
		{C9258558-D0E9-4651-B689-FD05929EC377}.Release|Any CPU.Build.0 = Release|Any CPU
		{95D8A7EF-C886-4F95-A279-E5469975E0A4}.Debug|Any CPU.ActiveCfg = Debug|Any CPU
		{95D8A7EF-C886-4F95-A279-E5469975E0A4}.Debug|Any CPU.Build.0 = Debug|Any CPU
		{95D8A7EF-C886-4F95-A279-E5469975E0A4}.Release|Any CPU.ActiveCfg = Release|Any CPU
		{95D8A7EF-C886-4F95-A279-E5469975E0A4}.Release|Any CPU.Build.0 = Release|Any CPU
	EndGlobalSection
EndGlobal
